
Microsoft Visual Studio Solution File, Format Version 12.00
# Visual Studio 15
Project("{FAE04EC0-301F-11D3-BF4B-00C04F79EFBC}") = "ICS 123 Project", "ICS 123 Project.csproj", "{5E3E6B72-935A-2482-DD33-C3EB476B51E6}"
EndProject
Project("{FAE04EC0-301F-11D3-BF4B-00C04F79EFBC}") = "ICS 123 Project.Plugins", "ICS 123 Project.Plugins.csproj", "{50995DC7-3AA1-772B-576B-A22022FB7D5A}"
EndProject
Global
	GlobalSection(SolutionConfigurationPlatforms) = preSolution
		Debug|Any CPU = Debug|Any CPU
		Release|Any CPU = Release|Any CPU
	EndGlobalSection
	GlobalSection(ProjectConfigurationPlatforms) = postSolution
		{5E3E6B72-935A-2482-DD33-C3EB476B51E6}.Debug|Any CPU.ActiveCfg = Debug|Any CPU
		{5E3E6B72-935A-2482-DD33-C3EB476B51E6}.Debug|Any CPU.Build.0 = Debug|Any CPU
		{5E3E6B72-935A-2482-DD33-C3EB476B51E6}.Release|Any CPU.ActiveCfg = Release|Any CPU
		{5E3E6B72-935A-2482-DD33-C3EB476B51E6}.Release|Any CPU.Build.0 = Release|Any CPU
		{50995DC7-3AA1-772B-576B-A22022FB7D5A}.Debug|Any CPU.ActiveCfg = Debug|Any CPU
		{50995DC7-3AA1-772B-576B-A22022FB7D5A}.Debug|Any CPU.Build.0 = Debug|Any CPU
		{50995DC7-3AA1-772B-576B-A22022FB7D5A}.Release|Any CPU.ActiveCfg = Release|Any CPU
		{50995DC7-3AA1-772B-576B-A22022FB7D5A}.Release|Any CPU.Build.0 = Release|Any CPU
	EndGlobalSection
	GlobalSection(SolutionProperties) = preSolution
		HideSolutionNode = FALSE
	EndGlobalSection
EndGlobal
